
Microsoft Visual Studio Solution File, Format Version 12.00
# Visual Studio Version 16
VisualStudioVersion = 16.0.31624.102
MinimumVisualStudioVersion = 10.0.40219.1
Project("{9A19103F-16F7-4668-BE54-9A1E7A4F7556}") = "CodeFirstDemo", "CodeFirstDemo\CodeFirstDemo.csproj", "{C97088B6-69E3-44CF-ACAA-03D6979CA2D3}"
EndProject
Global
	GlobalSection(SolutionConfigurationPlatforms) = preSolution
		Debug|Any CPU = Debug|Any CPU
		Release|Any CPU = Release|Any CPU
	EndGlobalSection
	GlobalSection(ProjectConfigurationPlatforms) = postSolution
		{C97088B6-69E3-44CF-ACAA-03D6979CA2D3}.Debug|Any CPU.ActiveCfg = Debug|Any CPU
		{C97088B6-69E3-44CF-ACAA-03D6979CA2D3}.Debug|Any CPU.Build.0 = Debug|Any CPU
		{C97088B6-69E3-44CF-ACAA-03D6979CA2D3}.Release|Any CPU.ActiveCfg = Release|Any CPU
		{C97088B6-69E3-44CF-ACAA-03D6979CA2D3}.Release|Any CPU.Build.0 = Release|Any CPU
	EndGlobalSection
	GlobalSection(SolutionProperties) = preSolution
		HideSolutionNode = FALSE
	EndGlobalSection
	GlobalSection(ExtensibilityGlobals) = postSolution
		SolutionGuid = {A1021D08-24C3-4966-8C40-0AF5CCED162A}
	EndGlobalSection
EndGlobal
